
Microsoft Visual Studio Solution File, Format Version 12.00
# Visual Studio Version 17
VisualStudioVersion = 17.5.002.0
MinimumVisualStudioVersion = 10.0.40219.1
Project("{9A19103F-16F7-4668-BE54-9A1E7A4F7556}") = "Helio4bimCSharp", "Helio4bimCSharp.csproj", "{74904A9A-EA6A-478B-AE0F-E71E969BA936}"
EndProject
Global
	GlobalSection(SolutionConfigurationPlatforms) = preSolution
		Debug|Any CPU = Debug|Any CPU
		Release|Any CPU = Release|Any CPU
	EndGlobalSection
	GlobalSection(ProjectConfigurationPlatforms) = postSolution
		{74904A9A-EA6A-478B-AE0F-E71E969BA936}.Debug|Any CPU.ActiveCfg = Debug|Any CPU
		{74904A9A-EA6A-478B-AE0F-E71E969BA936}.Debug|Any CPU.Build.0 = Debug|Any CPU
		{74904A9A-EA6A-478B-AE0F-E71E969BA936}.Release|Any CPU.ActiveCfg = Release|Any CPU
		{74904A9A-EA6A-478B-AE0F-E71E969BA936}.Release|Any CPU.Build.0 = Release|Any CPU
	EndGlobalSection
	GlobalSection(SolutionProperties) = preSolution
		HideSolutionNode = FALSE
	EndGlobalSection
	GlobalSection(ExtensibilityGlobals) = postSolution
		SolutionGuid = {43C4ACDC-807B-4567-98FD-4D56FEA87DAF}
	EndGlobalSection
EndGlobal
